github.com/tamerh/jsparser v1.0.0 h1:dPaRb/6hmU78bN2dhszDVfs3Xky2wqn3DvLfRQMxNHI=
github.com/tamerh/jsparser v1.0.0/go.mod h1:Dbrn+kGS04Vak3MYe5YpN9/mwh7QWecqBLxBw3T8vSw=
github.com/tamerh/xml-stream-parser v1.1.2 h1:2d8FsWNiWluYgmUbeqxMhuChGY1ZyOS2maA8MZNsWe0=
github.com/tamerh/xml-stream-parser v1.1.2/go.mod h1:lrpNpthn/iYpnyICCe4KwJSANxywFIfSvsqokQOV9q0=
